
Microsoft Visual Studio Solution File, Format Version 12.00
Project("{FAE04EC0-301F-11D3-BF4B-00C04F79EFBC}") = "NZWalks.API", "NZWalks.API\NZWalks.API.csproj", "{1331F6C7-5447-4D71-B18B-DC0CF99FB89A}"
EndProject
Global
	GlobalSection(SolutionConfigurationPlatforms) = preSolution
		Debug|Any CPU = Debug|Any CPU
		Release|Any CPU = Release|Any CPU
	EndGlobalSection
	GlobalSection(ProjectConfigurationPlatforms) = postSolution
		{1331F6C7-5447-4D71-B18B-DC0CF99FB89A}.Debug|Any CPU.ActiveCfg = Debug|Any CPU
		{1331F6C7-5447-4D71-B18B-DC0CF99FB89A}.Debug|Any CPU.Build.0 = Debug|Any CPU
		{1331F6C7-5447-4D71-B18B-DC0CF99FB89A}.Release|Any CPU.ActiveCfg = Release|Any CPU
		{1331F6C7-5447-4D71-B18B-DC0CF99FB89A}.Release|Any CPU.Build.0 = Release|Any CPU
	EndGlobalSection
EndGlobal
